github.com/Naokotani/logger v0.2.0 h1:z5aSCGiZSozc09bqICHNx2Umm5iHixllzFwiNXBSgoo=
github.com/Naokotani/logger v0.2.0/go.mod h1:WKNoqVS87stdold1WFBf46qgqB633FTLfnNRwEWi8k8=
github.com/Naokotani/logger v0.2.1 h1:rFOKO4g6a8Y4uZHhQLkKSygpuMO5RWbhtObGoV7KfXA=
github.com/Naokotani/logger v0.2.1/go.mod h1:WKNoqVS87stdold1WFBf46qgqB633FTLfnNRwEWi8k8=
